// !$*UTF8*$!
{
	archiveVersion = 1;
	classes = {
	};
	objectVersion = 56;
	objects = {

/* Begin PBXBuildFile section */
		202F492B2A03903E00B26DC2 /* photo2 2.jpeg in Resources */ = {isa = PBXBuildFile; fileRef = 202F49292A03903E00B26DC2 /* photo2 2.jpeg */; };
		202F492C2A03903E00B26DC2 /* photo1.png in Resources */ = {isa = PBXBuildFile; fileRef = 202F492A2A03903E00B26DC2 /* photo1.png */; };
		202F492E2A03954000B26DC2 /* ModifyPost.storyboard in Resources */ = {isa = PBXBuildFile; fileRef = 202F492D2A03954000B26DC2 /* ModifyPost.storyboard */; };
		202F49302A03959B00B26DC2 /* ViewPost.storyboard in Resources */ = {isa = PBXBuildFile; fileRef = 202F492F2A03959B00B26DC2 /* ViewPost.storyboard */; };
		202F49362A039CD600B26DC2 /* ViewSharedPost.storyboard in Resources */ = {isa = PBXBuildFile; fileRef = 202F49352A039CD600B26DC2 /* ViewSharedPost.storyboard */; };
		2049456629DFFF1A00E2B4CD /* Reg.storyboard in Resources */ = {isa = PBXBuildFile; fileRef = 2049456529DFFF1A00E2B4CD /* Reg.storyboard */; };
		2049456829E0007600E2B4CD /* PostList.storyboard in Resources */ = {isa = PBXBuildFile; fileRef = 2049456729E0007600E2B4CD /* PostList.storyboard */; };
		2049456A29E000CE00E2B4CD /* MoviePost.storyboard in Resources */ = {isa = PBXBuildFile; fileRef = 2049456929E000CE00E2B4CD /* MoviePost.storyboard */; };
		2049459429E03E2300E2B4CD /* RegController.swift in Sources */ = {isa = PBXBuildFile; fileRef = 2049459329E03E2300E2B4CD /* RegController.swift */; };
		2049459629E1989000E2B4CD /* Menu.storyboard in Resources */ = {isa = PBXBuildFile; fileRef = 2049459529E1989000E2B4CD /* Menu.storyboard */; };
		2049459829E1992300E2B4CD /* PostedList.storyboard in Resources */ = {isa = PBXBuildFile; fileRef = 2049459729E1992300E2B4CD /* PostedList.storyboard */; };
		2049459A29E19A1600E2B4CD /* MovieList.storyboard in Resources */ = {isa = PBXBuildFile; fileRef = 2049459929E19A1600E2B4CD /* MovieList.storyboard */; };
		2049459C29E19A7E00E2B4CD /* SharedPostList.storyboard in Resources */ = {isa = PBXBuildFile; fileRef = 2049459B29E19A7E00E2B4CD /* SharedPostList.storyboard */; };
		208B6DAA29D318F6009DA52E /* AppDelegate.swift in Sources */ = {isa = PBXBuildFile; fileRef = 208B6DA929D318F6009DA52E /* AppDelegate.swift */; };
		208B6DAC29D318F6009DA52E /* SceneDelegate.swift in Sources */ = {isa = PBXBuildFile; fileRef = 208B6DAB29D318F6009DA52E /* SceneDelegate.swift */; };
		208B6DAE29D318F6009DA52E /* ViewController.swift in Sources */ = {isa = PBXBuildFile; fileRef = 208B6DAD29D318F6009DA52E /* ViewController.swift */; };
		208B6DB129D318F6009DA52E /* Main.storyboard in Resources */ = {isa = PBXBuildFile; fileRef = 208B6DAF29D318F6009DA52E /* Main.storyboard */; };
		208B6DB329D318F8009DA52E /* Assets.xcassets in Resources */ = {isa = PBXBuildFile; fileRef = 208B6DB229D318F8009DA52E /* Assets.xcassets */; };
		208B6DB629D318F8009DA52E /* LaunchScreen.storyboard in Resources */ = {isa = PBXBuildFile; fileRef = 208B6DB429D318F8009DA52E /* LaunchScreen.storyboard */; };
		20BF38212A050EC6004A3570 /* ReportPosts.storyboard in Resources */ = {isa = PBXBuildFile; fileRef = 20BF38202A050EC6004A3570 /* ReportPosts.storyboard */; };
/* End PBXBuildFile section */

/* Begin PBXFileReference section */
		202F49292A03903E00B26DC2 /* photo2 2.jpeg */ = {isa = PBXFileReference; lastKnownFileType = image.jpeg; name = "photo2 2.jpeg"; path = "../../../photo2 2.jpeg"; sourceTree = "<group>"; };
		202F492A2A03903E00B26DC2 /* photo1.png */ = {isa = PBXFileReference; lastKnownFileType = image.png; name = photo1.png; path = ../../../photo1.png; sourceTree = "<group>"; };
		202F492D2A03954000B26DC2 /* ModifyPost.storyboard */ = {isa = PBXFileReference; lastKnownFileType = file.storyboard; path = ModifyPost.storyboard; sourceTree = "<group>"; };
		202F492F2A03959B00B26DC2 /* ViewPost.storyboard */ = {isa = PBXFileReference; lastKnownFileType = file.storyboard; path = ViewPost.storyboard; sourceTree = "<group>"; };
		202F49352A039CD600B26DC2 /* ViewSharedPost.storyboard */ = {isa = PBXFileReference; lastKnownFileType = file.storyboard; path = ViewSharedPost.storyboard; sourceTree = "<group>"; };
		2049456529DFFF1A00E2B4CD /* Reg.storyboard */ = {isa = PBXFileReference; lastKnownFileType = file.storyboard; path = Reg.storyboard; sourceTree = "<group>"; };
		2049456729E0007600E2B4CD /* PostList.storyboard */ = {isa = PBXFileReference; lastKnownFileType = file.storyboard; path = PostList.storyboard; sourceTree = "<group>"; };
		2049456929E000CE00E2B4CD /* MoviePost.storyboard */ = {isa = PBXFileReference; lastKnownFileType = file.storyboard; path = MoviePost.storyboard; sourceTree = SOURCE_ROOT; };
		2049459329E03E2300E2B4CD /* RegController.swift */ = {isa = PBXFileReference; lastKnownFileType = sourcecode.swift; path = RegController.swift; sourceTree = "<group>"; };
		2049459529E1989000E2B4CD /* Menu.storyboard */ = {isa = PBXFileReference; lastKnownFileType = file.storyboard; path = Menu.storyboard; sourceTree = "<group>"; };
		2049459729E1992300E2B4CD /* PostedList.storyboard */ = {isa = PBXFileReference; lastKnownFileType = file.storyboard; path = PostedList.storyboard; sourceTree = "<group>"; };
		2049459929E19A1600E2B4CD /* MovieList.storyboard */ = {isa = PBXFileReference; lastKnownFileType = file.storyboard; path = MovieList.storyboard; sourceTree = "<group>"; };
		2049459B29E19A7E00E2B4CD /* SharedPostList.storyboard */ = {isa = PBXFileReference; lastKnownFileType = file.storyboard; path = SharedPostList.storyboard; sourceTree = "<group>"; };
		208B6DA629D318F5009DA52E /* SharingFavorite.app */ = {isa = PBXFileReference; explicitFileType = wrapper.application; includeInIndex = 0; path = SharingFavorite.app; sourceTree = BUILT_PRODUCTS_DIR; };
		208B6DA929D318F6009DA52E /* AppDelegate.swift */ = {isa = PBXFileReference; lastKnownFileType = sourcecode.swift; path = AppDelegate.swift; sourceTree = "<group>"; };
		208B6DAB29D318F6009DA52E /* SceneDelegate.swift */ = {isa = PBXFileReference; lastKnownFileType = sourcecode.swift; path = SceneDelegate.swift; sourceTree = "<group>"; };
		208B6DAD29D318F6009DA52E /* ViewController.swift */ = {isa = PBXFileReference; lastKnownFileType = sourcecode.swift; path = ViewController.swift; sourceTree = "<group>"; };
		208B6DB029D318F6009DA52E /* Base */ = {isa = PBXFileReference; lastKnownFileType = file.storyboard; name = Base; path = Base.lproj/Main.storyboard; sourceTree = "<group>"; };
		208B6DB229D318F8009DA52E /* Assets.xcassets */ = {isa = PBXFileReference; lastKnownFileType = folder.assetcatalog; path = Assets.xcassets; sourceTree = "<group>"; };
		208B6DB529D318F8009DA52E /* Base */ = {isa = PBXFileReference; lastKnownFileType = file.storyboard; name = Base; path = Base.lproj/LaunchScreen.storyboard; sourceTree = "<group>"; };
		208B6DB729D318F8009DA52E /* Info.plist */ = {isa = PBXFileReference; lastKnownFileType = text.plist.xml; path = Info.plist; sourceTree = "<group>"; };
		20BF38202A050EC6004A3570 /* ReportPosts.storyboard */ = {isa = PBXFileReference; lastKnownFileType = file.storyboard; path = ReportPosts.storyboard; sourceTree = "<group>"; };
/* End PBXFileReference section */

/* Begin PBXFrameworksBuildPhase section */
		208B6DA329D318F5009DA52E /* Frameworks */ = {
			isa = PBXFrameworksBuildPhase;
			buildActionMask = 2147483647;
			files = (
			);
			runOnlyForDeploymentPostprocessing = 0;
		};
/* End PBXFrameworksBuildPhase section */

/* Begin PBXGroup section */
		208B6D9D29D318F5009DA52E = {
			isa = PBXGroup;
			children = (
				208B6DA829D318F5009DA52E /* SharingFavorite */,
				208B6DA729D318F5009DA52E /* Products */,
			);
			sourceTree = "<group>";
		};
		208B6DA729D318F5009DA52E /* Products */ = {
			isa = PBXGroup;
			children = (
				208B6DA629D318F5009DA52E /* SharingFavorite.app */,
			);
			name = Products;
			sourceTree = "<group>";
		};
		208B6DA829D318F5009DA52E /* SharingFavorite */ = {
			isa = PBXGroup;
			children = (
				208B6DA929D318F6009DA52E /* AppDelegate.swift */,
				208B6DAB29D318F6009DA52E /* SceneDelegate.swift */,
				208B6DAD29D318F6009DA52E /* ViewController.swift */,
				2049459329E03E2300E2B4CD /* RegController.swift */,
				208B6DB229D318F8009DA52E /* Assets.xcassets */,
				208B6DB429D318F8009DA52E /* LaunchScreen.storyboard */,
				208B6DB729D318F8009DA52E /* Info.plist */,
				208B6DAF29D318F6009DA52E /* Main.storyboard */,
				2049459B29E19A7E00E2B4CD /* SharedPostList.storyboard */,
				2049456529DFFF1A00E2B4CD /* Reg.storyboard */,
				2049459529E1989000E2B4CD /* Menu.storyboard */,
				2049459729E1992300E2B4CD /* PostedList.storyboard */,
				2049459929E19A1600E2B4CD /* MovieList.storyboard */,
				2049456729E0007600E2B4CD /* PostList.storyboard */,
				2049456929E000CE00E2B4CD /* MoviePost.storyboard */,
				202F492A2A03903E00B26DC2 /* photo1.png */,
				202F49292A03903E00B26DC2 /* photo2 2.jpeg */,
				202F492D2A03954000B26DC2 /* ModifyPost.storyboard */,
				202F492F2A03959B00B26DC2 /* ViewPost.storyboard */,
				202F49352A039CD600B26DC2 /* ViewSharedPost.storyboard */,
				20BF38202A050EC6004A3570 /* ReportPosts.storyboard */,
			);
			path = SharingFavorite;
			sourceTree = "<group>";
		};
/* End PBXGroup section */

/* Begin PBXNativeTarget section */
		208B6DA529D318F5009DA52E /* SharingFavorite */ = {
			isa = PBXNativeTarget;
			buildConfigurationList = 208B6DBA29D318F8009DA52E /* Build configuration list for PBXNativeTarget "SharingFavorite" */;
			buildPhases = (
				208B6DA229D318F5009DA52E /* Sources */,
				208B6DA329D318F5009DA52E /* Frameworks */,
				208B6DA429D318F5009DA52E /* Resources */,
			);
			buildRules = (
			);
			dependencies = (
			);
			name = SharingFavorite;
			productName = SharingFavorite;
			productReference = 208B6DA629D318F5009DA52E /* SharingFavorite.app */;
			productType = "com.apple.product-type.application";
		};
/* End PBXNativeTarget section */

/* Begin PBXProject section */
		208B6D9E29D318F5009DA52E /* Project object */ = {
			isa = PBXProject;
			attributes = {
				BuildIndependentTargetsInParallel = 1;
				LastSwiftUpdateCheck = 1420;
				LastUpgradeCheck = 1420;
				TargetAttributes = {
					208B6DA529D318F5009DA52E = {
						CreatedOnToolsVersion = 14.2;
					};
				};
			};
			buildConfigurationList = 208B6DA129D318F5009DA52E /* Build configuration list for PBXProject "SharingFavorite" */;
			compatibilityVersion = "Xcode 14.0";
			developmentRegion = en;
			hasScannedForEncodings = 0;
			knownRegions = (
				en,
				Base,
			);
			mainGroup = 208B6D9D29D318F5009DA52E;
			productRefGroup = 208B6DA729D318F5009DA52E /* Products */;
			projectDirPath = "";
			projectRoot = "";
			targets = (
				208B6DA529D318F5009DA52E /* SharingFavorite */,
			);
		};
/* End PBXProject section */

/* Begin PBXResourcesBuildPhase section */
		208B6DA429D318F5009DA52E /* Resources */ = {
			isa = PBXResourcesBuildPhase;
			buildActionMask = 2147483647;
			files = (
				202F492C2A03903E00B26DC2 /* photo1.png in Resources */,
				202F49302A03959B00B26DC2 /* ViewPost.storyboard in Resources */,
				20BF38212A050EC6004A3570 /* ReportPosts.storyboard in Resources */,
				208B6DB629D318F8009DA52E /* LaunchScreen.storyboard in Resources */,
				2049459829E1992300E2B4CD /* PostedList.storyboard in Resources */,
				208B6DB329D318F8009DA52E /* Assets.xcassets in Resources */,
				202F492B2A03903E00B26DC2 /* photo2 2.jpeg in Resources */,
				2049456A29E000CE00E2B4CD /* MoviePost.storyboard in Resources */,
				202F492E2A03954000B26DC2 /* ModifyPost.storyboard in Resources */,
				2049459629E1989000E2B4CD /* Menu.storyboard in Resources */,
				2049456829E0007600E2B4CD /* PostList.storyboard in Resources */,
				2049456629DFFF1A00E2B4CD /* Reg.storyboard in Resources */,
				2049459A29E19A1600E2B4CD /* MovieList.storyboard in Resources */,
				2049459C29E19A7E00E2B4CD /* SharedPostList.storyboard in Resources */,
				202F49362A039CD600B26DC2 /* ViewSharedPost.storyboard in Resources */,
				208B6DB129D318F6009DA52E /* Main.storyboard in Resources */,
			);
			runOnlyForDeploymentPostprocessing = 0;
		};
/* End PBXResourcesBuildPhase section */

/* Begin PBXSourcesBuildPhase section */
		208B6DA229D318F5009DA52E /* Sources */ = {
			isa = PBXSourcesBuildPhase;
			buildActionMask = 2147483647;
			files = (
				2049459429E03E2300E2B4CD /* RegController.swift in Sources */,
				208B6DAE29D318F6009DA52E /* ViewController.swift in Sources */,
				208B6DAA29D318F6009DA52E /* AppDelegate.swift in Sources */,
				208B6DAC29D318F6009DA52E /* SceneDelegate.swift in Sources */,
			);
			runOnlyForDeploymentPostprocessing = 0;
		};
/* End PBXSourcesBuildPhase section */

/* Begin PBXVariantGroup section */
		208B6DAF29D318F6009DA52E /* Main.storyboard */ = {
			isa = PBXVariantGroup;
			children = (
				208B6DB029D318F6009DA52E /* Base */,
			);
			name = Main.storyboard;
			sourceTree = "<group>";
		};
		208B6DB429D318F8009DA52E /* LaunchScreen.storyboard */ = {
			isa = PBXVariantGroup;
			children = (
				208B6DB529D318F8009DA52E /* Base */,
			);
			name = LaunchScreen.storyboard;
			sourceTree = "<group>";
		};
/* End PBXVariantGroup section */

/* Begin XCBuildConfiguration section */
		208B6DB829D318F8009DA52E /* Debug */ = {
			isa = XCBuildConfiguration;
			buildSettings = {
				ALWAYS_SEARCH_USER_PATHS = NO;
				CLANG_ANALYZER_NONNULL = YES;
				CLANG_ANALYZER_NUMBER_OBJECT_CONVERSION = YES_AGGRESSIVE;
				CLANG_CXX_LANGUAGE_STANDARD = "gnu++20";
				CLANG_ENABLE_MODULES = YES;
				CLANG_ENABLE_OBJC_ARC = YES;
				CLANG_ENABLE_OBJC_WEAK = YES;
				CLANG_WARN_BLOCK_CAPTURE_AUTORELEASING = YES;
				CLANG_WARN_BOOL_CONVERSION = YES;
				CLANG_WARN_COMMA = YES;
				CLANG_WARN_CONSTANT_CONVERSION = YES;
				CLANG_WARN_DEPRECATED_OBJC_IMPLEMENTATIONS = YES;
				CLANG_WARN_DIRECT_OBJC_ISA_USAGE = YES_ERROR;
				CLANG_WARN_DOCUMENTATION_COMMENTS = YES;
				CLANG_WARN_EMPTY_BODY = YES;
				CLANG_WARN_ENUM_CONVERSION = YES;
				CLANG_WARN_INFINITE_RECURSION = YES;
				CLANG_WARN_INT_CONVERSION = YES;
				CLANG_WARN_NON_LITERAL_NULL_CONVERSION = YES;
				CLANG_WARN_OBJC_IMPLICIT_RETAIN_SELF = YES;
				CLANG_WARN_OBJC_LITERAL_CONVERSION = YES;
				CLANG_WARN_OBJC_ROOT_CLASS = YES_ERROR;
				CLANG_WARN_QUOTED_INCLUDE_IN_FRAMEWORK_HEADER = YES;
				CLANG_WARN_RANGE_LOOP_ANALYSIS = YES;
				CLANG_WARN_STRICT_PROTOTYPES = YES;
				CLANG_WARN_SUSPICIOUS_MOVE = YES;
				CLANG_WARN_UNGUARDED_AVAILABILITY = YES_AGGRESSIVE;
				CLANG_WARN_UNREACHABLE_CODE = YES;
				CLANG_WARN__DUPLICATE_METHOD_MATCH = YES;
				COPY_PHASE_STRIP = NO;
				DEBUG_INFORMATION_FORMAT = dwarf;
				ENABLE_STRICT_OBJC_MSGSEND = YES;
				ENABLE_TESTABILITY = YES;
				GCC_C_LANGUAGE_STANDARD = gnu11;
				GCC_DYNAMIC_NO_PIC = NO;
				GCC_NO_COMMON_BLOCKS = YES;
				GCC_OPTIMIZATION_LEVEL = 0;
				GCC_PREPROCESSOR_DEFINITIONS = (
					"DEBUG=1",
					"$(inherited)",
				);
				GCC_WARN_64_TO_32_BIT_CONVERSION = YES;
				GCC_WARN_ABOUT_RETURN_TYPE = YES_ERROR;
				GCC_WARN_UNDECLARED_SELECTOR = YES;
				GCC_WARN_UNINITIALIZED_AUTOS = YES_AGGRESSIVE;
				GCC_WARN_UNUSED_FUNCTION = YES;
				GCC_WARN_UNUSED_VARIABLE = YES;
				IPHONEOS_DEPLOYMENT_TARGET = 16.2;
				MTL_ENABLE_DEBUG_INFO = INCLUDE_SOURCE;
				MTL_FAST_MATH = YES;
				ONLY_ACTIVE_ARCH = YES;
				SDKROOT = iphoneos;
				SWIFT_ACTIVE_COMPILATION_CONDITIONS = DEBUG;
				SWIFT_OPTIMIZATION_LEVEL = "-Onone";
			};
			name = Debug;
		};
		208B6DB929D318F8009DA52E /* Release */ = {
			isa = XCBuildConfiguration;
			buildSettings = {
				ALWAYS_SEARCH_USER_PATHS = NO;
				CLANG_ANALYZER_NONNULL = YES;
				CLANG_ANALYZER_NUMBER_OBJECT_CONVERSION = YES_AGGRESSIVE;
				CLANG_CXX_LANGUAGE_STANDARD = "gnu++20";
				CLANG_ENABLE_MODULES = YES;
				CLANG_ENABLE_OBJC_ARC = YES;
				CLANG_ENABLE_OBJC_WEAK = YES;
				CLANG_WARN_BLOCK_CAPTURE_AUTORELEASING = YES;
				CLANG_WARN_BOOL_CONVERSION = YES;
				CLANG_WARN_COMMA = YES;
				CLANG_WARN_CONSTANT_CONVERSION = YES;
				CLANG_WARN_DEPRECATED_OBJC_IMPLEMENTATIONS = YES;
				CLANG_WARN_DIRECT_OBJC_ISA_USAGE = YES_ERROR;
				CLANG_WARN_DOCUMENTATION_COMMENTS = YES;
				CLANG_WARN_EMPTY_BODY = YES;
				CLANG_WARN_ENUM_CONVERSION = YES;
				CLANG_WARN_INFINITE_RECURSION = YES;
				CLANG_WARN_INT_CONVERSION = YES;
				CLANG_WARN_NON_LITERAL_NULL_CONVERSION = YES;
				CLANG_WARN_OBJC_IMPLICIT_RETAIN_SELF = YES;
				CLANG_WARN_OBJC_LITERAL_CONVERSION = YES;
				CLANG_WARN_OBJC_ROOT_CLASS = YES_ERROR;
				CLANG_WARN_QUOTED_INCLUDE_IN_FRAMEWORK_HEADER = YES;
				CLANG_WARN_RANGE_LOOP_ANALYSIS = YES;
				CLANG_WARN_STRICT_PROTOTYPES = YES;
				CLANG_WARN_SUSPICIOUS_MOVE = YES;
				CLANG_WARN_UNGUARDED_AVAILABILITY = YES_AGGRESSIVE;
				CLANG_WARN_UNREACHABLE_CODE = YES;
				CLANG_WARN__DUPLICATE_METHOD_MATCH = YES;
				COPY_PHASE_STRIP = NO;
				DEBUG_INFORMATION_FORMAT = "dwarf-with-dsym";
				ENABLE_NS_ASSERTIONS = NO;
				ENABLE_STRICT_OBJC_MSGSEND = YES;
				GCC_C_LANGUAGE_STANDARD = gnu11;
				GCC_NO_COMMON_BLOCKS = YES;
				GCC_WARN_64_TO_32_BIT_CONVERSION = YES;
				GCC_WARN_ABOUT_RETURN_TYPE = YES_ERROR;
				GCC_WARN_UNDECLARED_SELECTOR = YES;
				GCC_WARN_UNINITIALIZED_AUTOS = YES_AGGRESSIVE;
				GCC_WARN_UNUSED_FUNCTION = YES;
				GCC_WARN_UNUSED_VARIABLE = YES;
				IPHONEOS_DEPLOYMENT_TARGET = 16.2;
				MTL_ENABLE_DEBUG_INFO = NO;
				MTL_FAST_MATH = YES;
				SDKROOT = iphoneos;
				SWIFT_COMPILATION_MODE = wholemodule;
				SWIFT_OPTIMIZATION_LEVEL = "-O";
				VALIDATE_PRODUCT = YES;
			};
			name = Release;
		};
		208B6DBB29D318F8009DA52E /* Debug */ = {
			isa = XCBuildConfiguration;
			buildSettings = {
				ASSETCATALOG_COMPILER_APPICON_NAME = AppIcon;
				ASSETCATALOG_COMPILER_GLOBAL_ACCENT_COLOR_NAME = AccentColor;
				CODE_SIGN_STYLE = Automatic;
				CURRENT_PROJECT_VERSION = 1;
				DEVELOPMENT_TEAM = "";
				GENERATE_INFOPLIST_FILE = YES;
				INFOPLIST_FILE = SharingFavorite/Info.plist;
				INFOPLIST_KEY_UIApplicationSupportsIndirectInputEvents = YES;
				INFOPLIST_KEY_UILaunchStoryboardName = LaunchScreen;
				INFOPLIST_KEY_UIMainStoryboardFile = Main;
				INFOPLIST_KEY_UISupportedInterfaceOrientations_iPad = "UIInterfaceOrientationPortrait UIInterfaceOrientationPortraitUpsideDown UIInterfaceOrientationLandscapeLeft UIInterfaceOrientationLandscapeRight";
				INFOPLIST_KEY_UISupportedInterfaceOrientations_iPhone = "UIInterfaceOrientationPortrait UIInterfaceOrientationLandscapeLeft UIInterfaceOrientationLandscapeRight";
				LD_RUNPATH_SEARCH_PATHS = (
					"$(inherited)",
					"@executable_path/Frameworks",
				);
				MARKETING_VERSION = 1.0;
				PRODUCT_BUNDLE_IDENTIFIER = Sys.SharingFavorite;
				PRODUCT_NAME = "$(TARGET_NAME)";
				SWIFT_EMIT_LOC_STRINGS = YES;
				SWIFT_VERSION = 5.0;
				TARGETED_DEVICE_FAMILY = "1,2";
			};
			name = Debug;
		};
		208B6DBC29D318F8009DA52E /* Release */ = {
			isa = XCBuildConfiguration;
			buildSettings = {
				ASSETCATALOG_COMPILER_APPICON_NAME = AppIcon;
				ASSETCATALOG_COMPILER_GLOBAL_ACCENT_COLOR_NAME = AccentColor;
				CODE_SIGN_STYLE = Automatic;
				CURRENT_PROJECT_VERSION = 1;
				DEVELOPMENT_TEAM = "";
				GENERATE_INFOPLIST_FILE = YES;
				INFOPLIST_FILE = SharingFavorite/Info.plist;
				INFOPLIST_KEY_UIApplicationSupportsIndirectInputEvents = YES;
				INFOPLIST_KEY_UILaunchStoryboardName = LaunchScreen;
				INFOPLIST_KEY_UIMainStoryboardFile = Main;
				INFOPLIST_KEY_UISupportedInterfaceOrientations_iPad = "UIInterfaceOrientationPortrait UIInterfaceOrientationPortraitUpsideDown UIInterfaceOrientationLandscapeLeft UIInterfaceOrientationLandscapeRight";
				INFOPLIST_KEY_UISupportedInterfaceOrientations_iPhone = "UIInterfaceOrientationPortrait UIInterfaceOrientationLandscapeLeft UIInterfaceOrientationLandscapeRight";
				LD_RUNPATH_SEARCH_PATHS = (
					"$(inherited)",
					"@executable_path/Frameworks",
				);
				MARKETING_VERSION = 1.0;
				PRODUCT_BUNDLE_IDENTIFIER = Sys.SharingFavorite;
				PRODUCT_NAME = "$(TARGET_NAME)";
				SWIFT_EMIT_LOC_STRINGS = YES;
				SWIFT_VERSION = 5.0;
				TARGETED_DEVICE_FAMILY = "1,2";
			};
			name = Release;
		};
/* End XCBuildConfiguration section */

/* Begin XCConfigurationList section */
		208B6DA129D318F5009DA52E /* Build configuration list for PBXProject "SharingFavorite" */ = {
			isa = XCConfigurationList;
			buildConfigurations = (
				208B6DB829D318F8009DA52E /* Debug */,
				208B6DB929D318F8009DA52E /* Release */,
			);
			defaultConfigurationIsVisible = 0;
			defaultConfigurationName = Release;
		};
		208B6DBA29D318F8009DA52E /* Build configuration list for PBXNativeTarget "SharingFavorite" */ = {
			isa = XCConfigurationList;
			buildConfigurations = (
				208B6DBB29D318F8009DA52E /* Debug */,
				208B6DBC29D318F8009DA52E /* Release */,
			);
			defaultConfigurationIsVisible = 0;
			defaultConfigurationName = Release;
		};
/* End XCConfigurationList section */
	};
	rootObject = 208B6D9E29D318F5009DA52E /* Project object */;
}
